# This file is automatically @generated by Cargo.
# It is not intended for manual editing.
version = 3

[[package]]
name = "move-borrow-graph"
version = "0.0.1"
dependencies = [
 "sp-std",
]

[[package]]
name = "sp-std"
version = "4.0.0"
source = "git+https://github.com/paritytech/substrate?branch=polkadot-v0.9.31#7a4e5163091384c4c10b6d76f5cb80dac0834f38"
